// !$*UTF8*$!
{
	archiveVersion = 1;
	classes = {
	};
	objectVersion = 50;
	objects = {

/* Begin PBXBuildFile section */
		E428DCF223C79F6D007CDC3C /* instruction.cpp in Sources */ = {isa = PBXBuildFile; fileRef = E428DCF023C79F6D007CDC3C /* instruction.cpp */; };
		E428DCF523C7A225007CDC3C /* util.cpp in Sources */ = {isa = PBXBuildFile; fileRef = E428DCF323C7A225007CDC3C /* util.cpp */; };
		E428DCF823C7A88B007CDC3C /* function.cpp in Sources */ = {isa = PBXBuildFile; fileRef = E428DCF623C7A88B007CDC3C /* function.cpp */; };
		E428DCFC23C7FB69007CDC3C /* vm.cpp in Sources */ = {isa = PBXBuildFile; fileRef = E428DCFA23C7FB69007CDC3C /* vm.cpp */; };
		E428DCFF23CA6A9F007CDC3C /* transform.cpp in Sources */ = {isa = PBXBuildFile; fileRef = E428DCFD23CA6A9F007CDC3C /* transform.cpp */; };
		E428DD0723CBAFA2007CDC3C /* main.cpp in Sources */ = {isa = PBXBuildFile; fileRef = E428DD0623CBAFA2007CDC3C /* main.cpp */; };
		E428DD1023CBB12F007CDC3C /* parse.cpp in Sources */ = {isa = PBXBuildFile; fileRef = E428DD0E23CBB12F007CDC3C /* parse.cpp */; };
		E428DD1323CBF660007CDC3C /* expression.cpp in Sources */ = {isa = PBXBuildFile; fileRef = E428DD1223CBF660007CDC3C /* expression.cpp */; };
		E428DD6623CC266C007CDC3C /* transform.hpp in Headers */ = {isa = PBXBuildFile; fileRef = E428DCFE23CA6A9F007CDC3C /* transform.hpp */; };
		E428DD6723CC266C007CDC3C /* function.hpp in Headers */ = {isa = PBXBuildFile; fileRef = E428DCF723C7A88B007CDC3C /* function.hpp */; };
		E428DD6923CC266C007CDC3C /* logger.hpp in Headers */ = {isa = PBXBuildFile; fileRef = E428DCEF23C79D7A007CDC3C /* logger.hpp */; };
		E428DD6A23CC266C007CDC3C /* instruction.hpp in Headers */ = {isa = PBXBuildFile; fileRef = E428DCF123C79F6D007CDC3C /* instruction.hpp */; };
		E428DD6B23CC266C007CDC3C /* util.hpp in Headers */ = {isa = PBXBuildFile; fileRef = E428DCF423C7A225007CDC3C /* util.hpp */; };
		E428DD6C23CC267B007CDC3C /* vm.cpp in Sources */ = {isa = PBXBuildFile; fileRef = E428DCFA23C7FB69007CDC3C /* vm.cpp */; };
		E428DD6D23CC267B007CDC3C /* transform.cpp in Sources */ = {isa = PBXBuildFile; fileRef = E428DCFD23CA6A9F007CDC3C /* transform.cpp */; };
		E428DD6E23CC267B007CDC3C /* function.cpp in Sources */ = {isa = PBXBuildFile; fileRef = E428DCF623C7A88B007CDC3C /* function.cpp */; };
		E428DD6F23CC267B007CDC3C /* instruction.cpp in Sources */ = {isa = PBXBuildFile; fileRef = E428DCF023C79F6D007CDC3C /* instruction.cpp */; };
		E428DD7023CC267B007CDC3C /* util.cpp in Sources */ = {isa = PBXBuildFile; fileRef = E428DCF323C7A225007CDC3C /* util.cpp */; };
		E428DD7123CC26B3007CDC3C /* libsemistacklib.a in Frameworks */ = {isa = PBXBuildFile; fileRef = E428DD6123CC25DB007CDC3C /* libsemistacklib.a */; };
		E428DD7323CD0FB2007CDC3C /* value.hpp in Headers */ = {isa = PBXBuildFile; fileRef = E428DD7223CD0FB2007CDC3C /* value.hpp */; };
		E4ED361423C58CEA00AAB637 /* main.cpp in Sources */ = {isa = PBXBuildFile; fileRef = E4ED361323C58CEA00AAB637 /* main.cpp */; };
/* End PBXBuildFile section */

/* Begin PBXCopyFilesBuildPhase section */
		E428DD0223CBAFA2007CDC3C /* CopyFiles */ = {
			isa = PBXCopyFilesBuildPhase;
			buildActionMask = 2147483647;
			dstPath = /usr/share/man/man1/;
			dstSubfolderSpec = 0;
			files = (
			);
			runOnlyForDeploymentPostprocessing = 1;
		};
		E4ED360E23C58CEA00AAB637 /* CopyFiles */ = {
			isa = PBXCopyFilesBuildPhase;
			buildActionMask = 2147483647;
			dstPath = /usr/share/man/man1/;
			dstSubfolderSpec = 0;
			files = (
			);
			runOnlyForDeploymentPostprocessing = 1;
		};
/* End PBXCopyFilesBuildPhase section */

/* Begin PBXFileReference section */
		E428DCEF23C79D7A007CDC3C /* logger.hpp */ = {isa = PBXFileReference; lastKnownFileType = sourcecode.cpp.h; path = logger.hpp; sourceTree = "<group>"; };
		E428DCF023C79F6D007CDC3C /* instruction.cpp */ = {isa = PBXFileReference; lastKnownFileType = sourcecode.cpp.cpp; path = instruction.cpp; sourceTree = "<group>"; };
		E428DCF123C79F6D007CDC3C /* instruction.hpp */ = {isa = PBXFileReference; lastKnownFileType = sourcecode.cpp.h; path = instruction.hpp; sourceTree = "<group>"; };
		E428DCF323C7A225007CDC3C /* util.cpp */ = {isa = PBXFileReference; lastKnownFileType = sourcecode.cpp.cpp; path = util.cpp; sourceTree = "<group>"; };
		E428DCF423C7A225007CDC3C /* util.hpp */ = {isa = PBXFileReference; lastKnownFileType = sourcecode.cpp.h; path = util.hpp; sourceTree = "<group>"; };
		E428DCF623C7A88B007CDC3C /* function.cpp */ = {isa = PBXFileReference; lastKnownFileType = sourcecode.cpp.cpp; path = function.cpp; sourceTree = "<group>"; };
		E428DCF723C7A88B007CDC3C /* function.hpp */ = {isa = PBXFileReference; lastKnownFileType = sourcecode.cpp.h; path = function.hpp; sourceTree = "<group>"; };
		E428DCF923C7AD5A007CDC3C /* doctest.h */ = {isa = PBXFileReference; fileEncoding = 4; lastKnownFileType = sourcecode.c.h; path = doctest.h; sourceTree = "<group>"; };
		E428DCFA23C7FB69007CDC3C /* vm.cpp */ = {isa = PBXFileReference; lastKnownFileType = sourcecode.cpp.cpp; path = vm.cpp; sourceTree = "<group>"; };
		E428DCFB23C7FB69007CDC3C /* vm.hpp */ = {isa = PBXFileReference; lastKnownFileType = sourcecode.cpp.h; path = vm.hpp; sourceTree = "<group>"; };
		E428DCFD23CA6A9F007CDC3C /* transform.cpp */ = {isa = PBXFileReference; lastKnownFileType = sourcecode.cpp.cpp; path = transform.cpp; sourceTree = "<group>"; };
		E428DCFE23CA6A9F007CDC3C /* transform.hpp */ = {isa = PBXFileReference; lastKnownFileType = sourcecode.cpp.h; path = transform.hpp; sourceTree = "<group>"; };
		E428DD0423CBAFA2007CDC3C /* lust */ = {isa = PBXFileReference; explicitFileType = "compiled.mach-o.executable"; includeInIndex = 0; path = lust; sourceTree = BUILT_PRODUCTS_DIR; };
		E428DD0623CBAFA2007CDC3C /* main.cpp */ = {isa = PBXFileReference; lastKnownFileType = sourcecode.cpp.cpp; path = main.cpp; sourceTree = "<group>"; };
		E428DD0E23CBB12F007CDC3C /* parse.cpp */ = {isa = PBXFileReference; lastKnownFileType = sourcecode.cpp.cpp; path = parse.cpp; sourceTree = "<group>"; };
		E428DD0F23CBB12F007CDC3C /* parse.hpp */ = {isa = PBXFileReference; lastKnownFileType = sourcecode.cpp.h; path = parse.hpp; sourceTree = "<group>"; };
		E428DD1123CBB30B007CDC3C /* expression.hpp */ = {isa = PBXFileReference; lastKnownFileType = sourcecode.cpp.h; path = expression.hpp; sourceTree = "<group>"; };
		E428DD1223CBF660007CDC3C /* expression.cpp */ = {isa = PBXFileReference; lastKnownFileType = sourcecode.cpp.cpp; path = expression.cpp; sourceTree = "<group>"; };
		E428DD6123CC25DB007CDC3C /* libsemistacklib.a */ = {isa = PBXFileReference; explicitFileType = archive.ar; includeInIndex = 0; path = libsemistacklib.a; sourceTree = BUILT_PRODUCTS_DIR; };
		E428DD7223CD0FB2007CDC3C /* value.hpp */ = {isa = PBXFileReference; lastKnownFileType = sourcecode.cpp.h; path = value.hpp; sourceTree = "<group>"; };
		E4ED361023C58CEA00AAB637 /* semistack */ = {isa = PBXFileReference; explicitFileType = "compiled.mach-o.executable"; includeInIndex = 0; path = semistack; sourceTree = BUILT_PRODUCTS_DIR; };
		E4ED361323C58CEA00AAB637 /* main.cpp */ = {isa = PBXFileReference; lastKnownFileType = sourcecode.cpp.cpp; path = main.cpp; sourceTree = "<group>"; };
/* End PBXFileReference section */

/* Begin PBXFrameworksBuildPhase section */
		E428DD0123CBAFA2007CDC3C /* Frameworks */ = {
			isa = PBXFrameworksBuildPhase;
			buildActionMask = 2147483647;
			files = (
				E428DD7123CC26B3007CDC3C /* libsemistacklib.a in Frameworks */,
			);
			runOnlyForDeploymentPostprocessing = 0;
		};
		E428DD5F23CC25DB007CDC3C /* Frameworks */ = {
			isa = PBXFrameworksBuildPhase;
			buildActionMask = 2147483647;
			files = (
			);
			runOnlyForDeploymentPostprocessing = 0;
		};
		E4ED360D23C58CEA00AAB637 /* Frameworks */ = {
			isa = PBXFrameworksBuildPhase;
			buildActionMask = 2147483647;
			files = (
			);
			runOnlyForDeploymentPostprocessing = 0;
		};
/* End PBXFrameworksBuildPhase section */

/* Begin PBXGroup section */
		E428DD0523CBAFA2007CDC3C /* lust */ = {
			isa = PBXGroup;
			children = (
				E428DD0623CBAFA2007CDC3C /* main.cpp */,
				E428DD0E23CBB12F007CDC3C /* parse.cpp */,
				E428DD0F23CBB12F007CDC3C /* parse.hpp */,
				E428DD1123CBB30B007CDC3C /* expression.hpp */,
				E428DD1223CBF660007CDC3C /* expression.cpp */,
			);
			path = lust;
			sourceTree = "<group>";
		};
		E428DD5823CC2545007CDC3C /* Frameworks */ = {
			isa = PBXGroup;
			children = (
			);
			name = Frameworks;
			sourceTree = "<group>";
		};
		E4ED360723C58CEA00AAB637 = {
			isa = PBXGroup;
			children = (
				E4ED361223C58CEA00AAB637 /* semistack */,
				E428DD0523CBAFA2007CDC3C /* lust */,
				E4ED361123C58CEA00AAB637 /* Products */,
				E428DD5823CC2545007CDC3C /* Frameworks */,
			);
			sourceTree = "<group>";
		};
		E4ED361123C58CEA00AAB637 /* Products */ = {
			isa = PBXGroup;
			children = (
				E4ED361023C58CEA00AAB637 /* semistack */,
				E428DD0423CBAFA2007CDC3C /* lust */,
				E428DD6123CC25DB007CDC3C /* libsemistacklib.a */,
			);
			name = Products;
			sourceTree = "<group>";
		};
		E4ED361223C58CEA00AAB637 /* semistack */ = {
			isa = PBXGroup;
			children = (
				E4ED361323C58CEA00AAB637 /* main.cpp */,
				E428DCFA23C7FB69007CDC3C /* vm.cpp */,
				E428DCFD23CA6A9F007CDC3C /* transform.cpp */,
				E428DCFE23CA6A9F007CDC3C /* transform.hpp */,
				E428DCFB23C7FB69007CDC3C /* vm.hpp */,
				E428DCF623C7A88B007CDC3C /* function.cpp */,
				E428DCF723C7A88B007CDC3C /* function.hpp */,
				E428DCF923C7AD5A007CDC3C /* doctest.h */,
				E428DCEF23C79D7A007CDC3C /* logger.hpp */,
				E428DCF123C79F6D007CDC3C /* instruction.hpp */,
				E428DD7223CD0FB2007CDC3C /* value.hpp */,
				E428DCF023C79F6D007CDC3C /* instruction.cpp */,
				E428DCF323C7A225007CDC3C /* util.cpp */,
				E428DCF423C7A225007CDC3C /* util.hpp */,
			);
			path = semistack;
			sourceTree = "<group>";
		};
/* End PBXGroup section */

/* Begin PBXHeadersBuildPhase section */
		E428DD5D23CC25DB007CDC3C /* Headers */ = {
			isa = PBXHeadersBuildPhase;
			buildActionMask = 2147483647;
			files = (
				E428DD7323CD0FB2007CDC3C /* value.hpp in Headers */,
				E428DD6623CC266C007CDC3C /* transform.hpp in Headers */,
				E428DD6723CC266C007CDC3C /* function.hpp in Headers */,
				E428DD6923CC266C007CDC3C /* logger.hpp in Headers */,
				E428DD6A23CC266C007CDC3C /* instruction.hpp in Headers */,
				E428DD6B23CC266C007CDC3C /* util.hpp in Headers */,
			);
			runOnlyForDeploymentPostprocessing = 0;
		};
/* End PBXHeadersBuildPhase section */

/* Begin PBXNativeTarget section */
		E428DD0323CBAFA2007CDC3C /* lust */ = {
			isa = PBXNativeTarget;
			buildConfigurationList = E428DD0823CBAFA2007CDC3C /* Build configuration list for PBXNativeTarget "lust" */;
			buildPhases = (
				E428DD0023CBAFA2007CDC3C /* Sources */,
				E428DD0123CBAFA2007CDC3C /* Frameworks */,
				E428DD0223CBAFA2007CDC3C /* CopyFiles */,
			);
			buildRules = (
			);
			dependencies = (
			);
			name = lust;
			productName = lust;
			productReference = E428DD0423CBAFA2007CDC3C /* lust */;
			productType = "com.apple.product-type.tool";
		};
		E428DD6023CC25DB007CDC3C /* semistacklib */ = {
			isa = PBXNativeTarget;
			buildConfigurationList = E428DD6223CC25DB007CDC3C /* Build configuration list for PBXNativeTarget "semistacklib" */;
			buildPhases = (
				E428DD5D23CC25DB007CDC3C /* Headers */,
				E428DD5E23CC25DB007CDC3C /* Sources */,
				E428DD5F23CC25DB007CDC3C /* Frameworks */,
			);
			buildRules = (
			);
			dependencies = (
			);
			name = semistacklib;
			productName = semistacklib;
			productReference = E428DD6123CC25DB007CDC3C /* libsemistacklib.a */;
			productType = "com.apple.product-type.library.static";
		};
		E4ED360F23C58CEA00AAB637 /* semistack */ = {
			isa = PBXNativeTarget;
			buildConfigurationList = E4ED361723C58CEA00AAB637 /* Build configuration list for PBXNativeTarget "semistack" */;
			buildPhases = (
				E4ED360C23C58CEA00AAB637 /* Sources */,
				E4ED360D23C58CEA00AAB637 /* Frameworks */,
				E4ED360E23C58CEA00AAB637 /* CopyFiles */,
			);
			buildRules = (
			);
			dependencies = (
			);
			name = semistack;
			productName = semistack;
			productReference = E4ED361023C58CEA00AAB637 /* semistack */;
			productType = "com.apple.product-type.tool";
		};
/* End PBXNativeTarget section */

/* Begin PBXProject section */
		E4ED360823C58CEA00AAB637 /* Project object */ = {
			isa = PBXProject;
			attributes = {
				LastSwiftUpdateCheck = 1130;
				LastUpgradeCheck = 1130;
				ORGANIZATIONNAME = "Zeke Medley";
				TargetAttributes = {
					E428DD0323CBAFA2007CDC3C = {
						CreatedOnToolsVersion = 11.3;
					};
					E428DD6023CC25DB007CDC3C = {
						CreatedOnToolsVersion = 11.3;
					};
					E4ED360F23C58CEA00AAB637 = {
						CreatedOnToolsVersion = 11.3;
					};
				};
			};
			buildConfigurationList = E4ED360B23C58CEA00AAB637 /* Build configuration list for PBXProject "semistack" */;
			compatibilityVersion = "Xcode 9.3";
			developmentRegion = en;
			hasScannedForEncodings = 0;
			knownRegions = (
				en,
				Base,
			);
			mainGroup = E4ED360723C58CEA00AAB637;
			productRefGroup = E4ED361123C58CEA00AAB637 /* Products */;
			projectDirPath = "";
			projectRoot = "";
			targets = (
				E4ED360F23C58CEA00AAB637 /* semistack */,
				E428DD0323CBAFA2007CDC3C /* lust */,
				E428DD6023CC25DB007CDC3C /* semistacklib */,
			);
		};
/* End PBXProject section */

/* Begin PBXSourcesBuildPhase section */
		E428DD0023CBAFA2007CDC3C /* Sources */ = {
			isa = PBXSourcesBuildPhase;
			buildActionMask = 2147483647;
			files = (
				E428DD1323CBF660007CDC3C /* expression.cpp in Sources */,
				E428DD1023CBB12F007CDC3C /* parse.cpp in Sources */,
				E428DD0723CBAFA2007CDC3C /* main.cpp in Sources */,
			);
			runOnlyForDeploymentPostprocessing = 0;
		};
		E428DD5E23CC25DB007CDC3C /* Sources */ = {
			isa = PBXSourcesBuildPhase;
			buildActionMask = 2147483647;
			files = (
				E428DD6C23CC267B007CDC3C /* vm.cpp in Sources */,
				E428DD6D23CC267B007CDC3C /* transform.cpp in Sources */,
				E428DD6E23CC267B007CDC3C /* function.cpp in Sources */,
				E428DD6F23CC267B007CDC3C /* instruction.cpp in Sources */,
				E428DD7023CC267B007CDC3C /* util.cpp in Sources */,
			);
			runOnlyForDeploymentPostprocessing = 0;
		};
		E4ED360C23C58CEA00AAB637 /* Sources */ = {
			isa = PBXSourcesBuildPhase;
			buildActionMask = 2147483647;
			files = (
				E428DCFC23C7FB69007CDC3C /* vm.cpp in Sources */,
				E428DCF223C79F6D007CDC3C /* instruction.cpp in Sources */,
				E428DCFF23CA6A9F007CDC3C /* transform.cpp in Sources */,
				E428DCF823C7A88B007CDC3C /* function.cpp in Sources */,
				E4ED361423C58CEA00AAB637 /* main.cpp in Sources */,
				E428DCF523C7A225007CDC3C /* util.cpp in Sources */,
			);
			runOnlyForDeploymentPostprocessing = 0;
		};
/* End PBXSourcesBuildPhase section */

/* Begin XCBuildConfiguration section */
		E428DD0923CBAFA2007CDC3C /* Debug */ = {
			isa = XCBuildConfiguration;
			buildSettings = {
				CLANG_CXX_LANGUAGE_STANDARD = "c++17";
				CODE_SIGN_STYLE = Automatic;
				PRODUCT_NAME = "$(TARGET_NAME)";
				"USER_HEADER_SEARCH_PATHS[arch=*]" = "../**";
			};
			name = Debug;
		};
		E428DD0A23CBAFA2007CDC3C /* Release */ = {
			isa = XCBuildConfiguration;
			buildSettings = {
				CLANG_CXX_LANGUAGE_STANDARD = "c++17";
				CODE_SIGN_STYLE = Automatic;
				PRODUCT_NAME = "$(TARGET_NAME)";
				"USER_HEADER_SEARCH_PATHS[arch=*]" = "../**";
			};
			name = Release;
		};
		E428DD6323CC25DB007CDC3C /* Debug */ = {
			isa = XCBuildConfiguration;
			buildSettings = {
				CLANG_CXX_LANGUAGE_STANDARD = "c++17";
				CODE_SIGN_STYLE = Automatic;
				EXECUTABLE_PREFIX = lib;
				PRODUCT_NAME = "$(TARGET_NAME)";
				SKIP_INSTALL = YES;
			};
			name = Debug;
		};
		E428DD6423CC25DB007CDC3C /* Release */ = {
			isa = XCBuildConfiguration;
			buildSettings = {
				CLANG_CXX_LANGUAGE_STANDARD = "c++17";
				CODE_SIGN_STYLE = Automatic;
				EXECUTABLE_PREFIX = lib;
				PRODUCT_NAME = "$(TARGET_NAME)";
				SKIP_INSTALL = YES;
			};
			name = Release;
		};
		E4ED361523C58CEA00AAB637 /* Debug */ = {
			isa = XCBuildConfiguration;
			buildSettings = {
				ALWAYS_SEARCH_USER_PATHS = NO;
				CLANG_ANALYZER_NONNULL = YES;
				CLANG_ANALYZER_NUMBER_OBJECT_CONVERSION = YES_AGGRESSIVE;
				CLANG_CXX_LANGUAGE_STANDARD = "c++17";
				CLANG_CXX_LIBRARY = "libc++";
				CLANG_ENABLE_MODULES = YES;
				CLANG_ENABLE_OBJC_ARC = YES;
				CLANG_ENABLE_OBJC_WEAK = YES;
				CLANG_WARN_BLOCK_CAPTURE_AUTORELEASING = YES;
				CLANG_WARN_BOOL_CONVERSION = YES;
				CLANG_WARN_COMMA = YES;
				CLANG_WARN_CONSTANT_CONVERSION = YES;
				CLANG_WARN_DEPRECATED_OBJC_IMPLEMENTATIONS = YES;
				CLANG_WARN_DIRECT_OBJC_ISA_USAGE = YES_ERROR;
				CLANG_WARN_DOCUMENTATION_COMMENTS = YES;
				CLANG_WARN_EMPTY_BODY = YES;
				CLANG_WARN_ENUM_CONVERSION = YES;
				CLANG_WARN_INFINITE_RECURSION = YES;
				CLANG_WARN_INT_CONVERSION = YES;
				CLANG_WARN_NON_LITERAL_NULL_CONVERSION = YES;
				CLANG_WARN_OBJC_IMPLICIT_RETAIN_SELF = YES;
				CLANG_WARN_OBJC_LITERAL_CONVERSION = YES;
				CLANG_WARN_OBJC_ROOT_CLASS = YES_ERROR;
				CLANG_WARN_RANGE_LOOP_ANALYSIS = YES;
				CLANG_WARN_STRICT_PROTOTYPES = YES;
				CLANG_WARN_SUSPICIOUS_MOVE = YES;
				CLANG_WARN_UNGUARDED_AVAILABILITY = YES_AGGRESSIVE;
				CLANG_WARN_UNREACHABLE_CODE = YES;
				CLANG_WARN__DUPLICATE_METHOD_MATCH = YES;
				COPY_PHASE_STRIP = NO;
				DEBUG_INFORMATION_FORMAT = dwarf;
				ENABLE_STRICT_OBJC_MSGSEND = YES;
				ENABLE_TESTABILITY = YES;
				GCC_C_LANGUAGE_STANDARD = gnu11;
				GCC_DYNAMIC_NO_PIC = NO;
				GCC_NO_COMMON_BLOCKS = YES;
				GCC_OPTIMIZATION_LEVEL = 0;
				GCC_PREPROCESSOR_DEFINITIONS = (
					"DEBUG=1",
					"$(inherited)",
				);
				GCC_WARN_64_TO_32_BIT_CONVERSION = YES;
				GCC_WARN_ABOUT_RETURN_TYPE = YES_ERROR;
				GCC_WARN_UNDECLARED_SELECTOR = YES;
				GCC_WARN_UNINITIALIZED_AUTOS = YES_AGGRESSIVE;
				GCC_WARN_UNUSED_FUNCTION = YES;
				GCC_WARN_UNUSED_VARIABLE = YES;
				MACOSX_DEPLOYMENT_TARGET = 10.15;
				MTL_ENABLE_DEBUG_INFO = INCLUDE_SOURCE;
				MTL_FAST_MATH = YES;
				ONLY_ACTIVE_ARCH = YES;
				SDKROOT = macosx;
			};
			name = Debug;
		};
		E4ED361623C58CEA00AAB637 /* Release */ = {
			isa = XCBuildConfiguration;
			buildSettings = {
				ALWAYS_SEARCH_USER_PATHS = NO;
				CLANG_ANALYZER_NONNULL = YES;
				CLANG_ANALYZER_NUMBER_OBJECT_CONVERSION = YES_AGGRESSIVE;
				CLANG_CXX_LANGUAGE_STANDARD = "c++17";
				CLANG_CXX_LIBRARY = "libc++";
				CLANG_ENABLE_MODULES = YES;
				CLANG_ENABLE_OBJC_ARC = YES;
				CLANG_ENABLE_OBJC_WEAK = YES;
				CLANG_WARN_BLOCK_CAPTURE_AUTORELEASING = YES;
				CLANG_WARN_BOOL_CONVERSION = YES;
				CLANG_WARN_COMMA = YES;
				CLANG_WARN_CONSTANT_CONVERSION = YES;
				CLANG_WARN_DEPRECATED_OBJC_IMPLEMENTATIONS = YES;
				CLANG_WARN_DIRECT_OBJC_ISA_USAGE = YES_ERROR;
				CLANG_WARN_DOCUMENTATION_COMMENTS = YES;
				CLANG_WARN_EMPTY_BODY = YES;
				CLANG_WARN_ENUM_CONVERSION = YES;
				CLANG_WARN_INFINITE_RECURSION = YES;
				CLANG_WARN_INT_CONVERSION = YES;
				CLANG_WARN_NON_LITERAL_NULL_CONVERSION = YES;
				CLANG_WARN_OBJC_IMPLICIT_RETAIN_SELF = YES;
				CLANG_WARN_OBJC_LITERAL_CONVERSION = YES;
				CLANG_WARN_OBJC_ROOT_CLASS = YES_ERROR;
				CLANG_WARN_RANGE_LOOP_ANALYSIS = YES;
				CLANG_WARN_STRICT_PROTOTYPES = YES;
				CLANG_WARN_SUSPICIOUS_MOVE = YES;
				CLANG_WARN_UNGUARDED_AVAILABILITY = YES_AGGRESSIVE;
				CLANG_WARN_UNREACHABLE_CODE = YES;
				CLANG_WARN__DUPLICATE_METHOD_MATCH = YES;
				COPY_PHASE_STRIP = NO;
				DEBUG_INFORMATION_FORMAT = "dwarf-with-dsym";
				ENABLE_NS_ASSERTIONS = NO;
				ENABLE_STRICT_OBJC_MSGSEND = YES;
				GCC_C_LANGUAGE_STANDARD = gnu11;
				GCC_NO_COMMON_BLOCKS = YES;
				GCC_OPTIMIZATION_LEVEL = fast;
				GCC_WARN_64_TO_32_BIT_CONVERSION = YES;
				GCC_WARN_ABOUT_RETURN_TYPE = YES_ERROR;
				GCC_WARN_UNDECLARED_SELECTOR = YES;
				GCC_WARN_UNINITIALIZED_AUTOS = YES_AGGRESSIVE;
				GCC_WARN_UNUSED_FUNCTION = YES;
				GCC_WARN_UNUSED_VARIABLE = YES;
				MACOSX_DEPLOYMENT_TARGET = 10.15;
				MTL_ENABLE_DEBUG_INFO = NO;
				MTL_FAST_MATH = YES;
				SDKROOT = macosx;
			};
			name = Release;
		};
		E4ED361823C58CEA00AAB637 /* Debug */ = {
			isa = XCBuildConfiguration;
			buildSettings = {
				CLANG_CXX_LANGUAGE_STANDARD = "c++17";
				CODE_SIGN_STYLE = Automatic;
				PRODUCT_NAME = "$(TARGET_NAME)";
			};
			name = Debug;
		};
		E4ED361923C58CEA00AAB637 /* Release */ = {
			isa = XCBuildConfiguration;
			buildSettings = {
				CLANG_CXX_LANGUAGE_STANDARD = "c++17";
				CODE_SIGN_STYLE = Automatic;
				PRODUCT_NAME = "$(TARGET_NAME)";
			};
			name = Release;
		};
/* End XCBuildConfiguration section */

/* Begin XCConfigurationList section */
		E428DD0823CBAFA2007CDC3C /* Build configuration list for PBXNativeTarget "lust" */ = {
			isa = XCConfigurationList;
			buildConfigurations = (
				E428DD0923CBAFA2007CDC3C /* Debug */,
				E428DD0A23CBAFA2007CDC3C /* Release */,
			);
			defaultConfigurationIsVisible = 0;
			defaultConfigurationName = Release;
		};
		E428DD6223CC25DB007CDC3C /* Build configuration list for PBXNativeTarget "semistacklib" */ = {
			isa = XCConfigurationList;
			buildConfigurations = (
				E428DD6323CC25DB007CDC3C /* Debug */,
				E428DD6423CC25DB007CDC3C /* Release */,
			);
			defaultConfigurationIsVisible = 0;
			defaultConfigurationName = Release;
		};
		E4ED360B23C58CEA00AAB637 /* Build configuration list for PBXProject "semistack" */ = {
			isa = XCConfigurationList;
			buildConfigurations = (
				E4ED361523C58CEA00AAB637 /* Debug */,
				E4ED361623C58CEA00AAB637 /* Release */,
			);
			defaultConfigurationIsVisible = 0;
			defaultConfigurationName = Release;
		};
		E4ED361723C58CEA00AAB637 /* Build configuration list for PBXNativeTarget "semistack" */ = {
			isa = XCConfigurationList;
			buildConfigurations = (
				E4ED361823C58CEA00AAB637 /* Debug */,
				E4ED361923C58CEA00AAB637 /* Release */,
			);
			defaultConfigurationIsVisible = 0;
			defaultConfigurationName = Release;
		};
/* End XCConfigurationList section */
	};
	rootObject = E4ED360823C58CEA00AAB637 /* Project object */;
}
